
Microsoft Visual Studio Solution File, Format Version 12.00
# Visual Studio 14
VisualStudioVersion = 14.0.25420.1
MinimumVisualStudioVersion = 10.0.40219.1
Project("{2150E333-8FDC-42A3-9474-1A3956D46DE8}") = "Infrastructure", "Infrastructure", "{6122F57C-3B61-4F24-AE5B-7F503D18C275}"
EndProject
Project("{2150E333-8FDC-42A3-9474-1A3956D46DE8}") = "Repository", "Repository", "{A25C6617-BEF3-448E-A08D-4B50709D429C}"
EndProject
Project("{2150E333-8FDC-42A3-9474-1A3956D46DE8}") = "Service", "Service", "{E40424B2-EBAF-44BE-B398-5B5E94AA5BC3}"
EndProject
Project("{2150E333-8FDC-42A3-9474-1A3956D46DE8}") = "UI", "UI", "{DEA71B50-E376-488E-B5F2-713602ED2BB5}"
EndProject
Project("{FAE04EC0-301F-11D3-BF4B-00C04F79EFBC}") = "My.Rolepermission.WebApp", "My.Rolepermission.WebApp\My.Rolepermission.WebApp.csproj", "{E15D9831-FF2B-4184-BA4B-C7F2EAAD4654}"
EndProject
Project("{FAE04EC0-301F-11D3-BF4B-00C04F79EFBC}") = "My.RolePermission.BLL", "My.RolePermission.BLL\My.RolePermission.BLL.csproj", "{C54307FF-84A9-4CC4-92A8-9F5944F708F6}"
EndProject
Project("{FAE04EC0-301F-11D3-BF4B-00C04F79EFBC}") = "My.RolePermission.IBLL", "My.RolePermission.IBLL\My.RolePermission.IBLL.csproj", "{E57B056F-FF7D-4822-BC76-9DA872450F89}"
EndProject
Project("{FAE04EC0-301F-11D3-BF4B-00C04F79EFBC}") = "My.RolePermission.DAL", "My.RolePermission.DAL\My.RolePermission.DAL.csproj", "{D1CDCACB-AC8D-4BD4-9865-B206065C36CC}"
EndProject
Project("{FAE04EC0-301F-11D3-BF4B-00C04F79EFBC}") = "My.RolePermission.DALSessionFactory", "My.RolePermission.DALSessionFactory\My.RolePermission.DALSessionFactory.csproj", "{27699579-1932-4891-9306-D0566186D5F8}"
EndProject
Project("{FAE04EC0-301F-11D3-BF4B-00C04F79EFBC}") = "My.RolePermission.IDAL", "My.RolePermission.IDAL\My.RolePermission.IDAL.csproj", "{E8ADCC42-0CBF-4A46-BA1E-679F57F60057}"
EndProject
Project("{FAE04EC0-301F-11D3-BF4B-00C04F79EFBC}") = "My.RolePermission.Common", "My.RolePermission.Common\My.RolePermission.Common.csproj", "{E48ED771-7071-4FF0-A973-E8F9502E1A28}"
EndProject
Project("{FAE04EC0-301F-11D3-BF4B-00C04F79EFBC}") = "My.RolePermission.Ioc", "My.RolePermission.Ioc\My.RolePermission.Ioc.csproj", "{28D43E41-F735-4C07-89AC-D04A086FA03D}"
EndProject
Project("{FAE04EC0-301F-11D3-BF4B-00C04F79EFBC}") = "My.RolePermission.Model", "My.RolePermission.Model\My.RolePermission.Model.csproj", "{AFEC14F9-B939-4B09-ACD5-73E3F4DD3A75}"
EndProject
Global
	GlobalSection(SolutionConfigurationPlatforms) = preSolution
		Debug|Any CPU = Debug|Any CPU
		Release|Any CPU = Release|Any CPU
	EndGlobalSection
	GlobalSection(ProjectConfigurationPlatforms) = postSolution
		{E15D9831-FF2B-4184-BA4B-C7F2EAAD4654}.Debug|Any CPU.ActiveCfg = Debug|Any CPU
		{E15D9831-FF2B-4184-BA4B-C7F2EAAD4654}.Debug|Any CPU.Build.0 = Debug|Any CPU
		{E15D9831-FF2B-4184-BA4B-C7F2EAAD4654}.Release|Any CPU.ActiveCfg = Release|Any CPU
		{E15D9831-FF2B-4184-BA4B-C7F2EAAD4654}.Release|Any CPU.Build.0 = Release|Any CPU
		{C54307FF-84A9-4CC4-92A8-9F5944F708F6}.Debug|Any CPU.ActiveCfg = Debug|Any CPU
		{C54307FF-84A9-4CC4-92A8-9F5944F708F6}.Debug|Any CPU.Build.0 = Debug|Any CPU
		{C54307FF-84A9-4CC4-92A8-9F5944F708F6}.Release|Any CPU.ActiveCfg = Release|Any CPU
		{C54307FF-84A9-4CC4-92A8-9F5944F708F6}.Release|Any CPU.Build.0 = Release|Any CPU
		{E57B056F-FF7D-4822-BC76-9DA872450F89}.Debug|Any CPU.ActiveCfg = Debug|Any CPU
		{E57B056F-FF7D-4822-BC76-9DA872450F89}.Debug|Any CPU.Build.0 = Debug|Any CPU
		{E57B056F-FF7D-4822-BC76-9DA872450F89}.Release|Any CPU.ActiveCfg = Release|Any CPU
		{E57B056F-FF7D-4822-BC76-9DA872450F89}.Release|Any CPU.Build.0 = Release|Any CPU
		{D1CDCACB-AC8D-4BD4-9865-B206065C36CC}.Debug|Any CPU.ActiveCfg = Debug|Any CPU
		{D1CDCACB-AC8D-4BD4-9865-B206065C36CC}.Debug|Any CPU.Build.0 = Debug|Any CPU
		{D1CDCACB-AC8D-4BD4-9865-B206065C36CC}.Release|Any CPU.ActiveCfg = Release|Any CPU
		{D1CDCACB-AC8D-4BD4-9865-B206065C36CC}.Release|Any CPU.Build.0 = Release|Any CPU
		{27699579-1932-4891-9306-D0566186D5F8}.Debug|Any CPU.ActiveCfg = Debug|Any CPU
		{27699579-1932-4891-9306-D0566186D5F8}.Debug|Any CPU.Build.0 = Debug|Any CPU
		{27699579-1932-4891-9306-D0566186D5F8}.Release|Any CPU.ActiveCfg = Release|Any CPU
		{27699579-1932-4891-9306-D0566186D5F8}.Release|Any CPU.Build.0 = Release|Any CPU
		{E8ADCC42-0CBF-4A46-BA1E-679F57F60057}.Debug|Any CPU.ActiveCfg = Debug|Any CPU
		{E8ADCC42-0CBF-4A46-BA1E-679F57F60057}.Debug|Any CPU.Build.0 = Debug|Any CPU
		{E8ADCC42-0CBF-4A46-BA1E-679F57F60057}.Release|Any CPU.ActiveCfg = Release|Any CPU
		{E8ADCC42-0CBF-4A46-BA1E-679F57F60057}.Release|Any CPU.Build.0 = Release|Any CPU
		{E48ED771-7071-4FF0-A973-E8F9502E1A28}.Debug|Any CPU.ActiveCfg = Debug|Any CPU
		{E48ED771-7071-4FF0-A973-E8F9502E1A28}.Debug|Any CPU.Build.0 = Debug|Any CPU
		{E48ED771-7071-4FF0-A973-E8F9502E1A28}.Release|Any CPU.ActiveCfg = Release|Any CPU
		{E48ED771-7071-4FF0-A973-E8F9502E1A28}.Release|Any CPU.Build.0 = Release|Any CPU
		{28D43E41-F735-4C07-89AC-D04A086FA03D}.Debug|Any CPU.ActiveCfg = Debug|Any CPU
		{28D43E41-F735-4C07-89AC-D04A086FA03D}.Debug|Any CPU.Build.0 = Debug|Any CPU
		{28D43E41-F735-4C07-89AC-D04A086FA03D}.Release|Any CPU.ActiveCfg = Release|Any CPU
		{28D43E41-F735-4C07-89AC-D04A086FA03D}.Release|Any CPU.Build.0 = Release|Any CPU
		{AFEC14F9-B939-4B09-ACD5-73E3F4DD3A75}.Debug|Any CPU.ActiveCfg = Debug|Any CPU
		{AFEC14F9-B939-4B09-ACD5-73E3F4DD3A75}.Debug|Any CPU.Build.0 = Debug|Any CPU
		{AFEC14F9-B939-4B09-ACD5-73E3F4DD3A75}.Release|Any CPU.ActiveCfg = Release|Any CPU
		{AFEC14F9-B939-4B09-ACD5-73E3F4DD3A75}.Release|Any CPU.Build.0 = Release|Any CPU
	EndGlobalSection
	GlobalSection(SolutionProperties) = preSolution
		HideSolutionNode = FALSE
	EndGlobalSection
	GlobalSection(NestedProjects) = preSolution
		{E15D9831-FF2B-4184-BA4B-C7F2EAAD4654} = {DEA71B50-E376-488E-B5F2-713602ED2BB5}
		{C54307FF-84A9-4CC4-92A8-9F5944F708F6} = {E40424B2-EBAF-44BE-B398-5B5E94AA5BC3}
		{E57B056F-FF7D-4822-BC76-9DA872450F89} = {E40424B2-EBAF-44BE-B398-5B5E94AA5BC3}
		{D1CDCACB-AC8D-4BD4-9865-B206065C36CC} = {A25C6617-BEF3-448E-A08D-4B50709D429C}
		{27699579-1932-4891-9306-D0566186D5F8} = {A25C6617-BEF3-448E-A08D-4B50709D429C}
		{E8ADCC42-0CBF-4A46-BA1E-679F57F60057} = {A25C6617-BEF3-448E-A08D-4B50709D429C}
		{E48ED771-7071-4FF0-A973-E8F9502E1A28} = {6122F57C-3B61-4F24-AE5B-7F503D18C275}
		{28D43E41-F735-4C07-89AC-D04A086FA03D} = {6122F57C-3B61-4F24-AE5B-7F503D18C275}
		{AFEC14F9-B939-4B09-ACD5-73E3F4DD3A75} = {6122F57C-3B61-4F24-AE5B-7F503D18C275}
	EndGlobalSection
EndGlobal
